
Microsoft Visual Studio Solution File, Format Version 12.00
# Visual Studio Version 17
VisualStudioVersion = 17.0.31903.59
MinimumVisualStudioVersion = 10.0.40219.1
Project("{FAE04EC0-301F-11D3-BF4B-00C04F79EFBC}") = "ManageR2.Api", "ManageR2.Api\ManageR2.Api.csproj", "{780B4FE8-4C94-4733-8BE9-DA3A599E08F7}"
EndProject
Project("{FAE04EC0-301F-11D3-BF4B-00C04F79EFBC}") = "ManageR2.Domain", "ManageR2.Domain\ManageR2.Domain.csproj", "{8A976A52-0C4C-4375-9C12-22491895BEC7}"
EndProject
Project("{FAE04EC0-301F-11D3-BF4B-00C04F79EFBC}") = "ManageR2.Infrastructure", "ManageR2.Infrastructure\ManageR2.Infrastructure.csproj", "{5EAB8841-DCE2-4FBF-A932-158B2ABB7F52}"
EndProject
Global
	GlobalSection(SolutionConfigurationPlatforms) = preSolution
		Debug|Any CPU = Debug|Any CPU
		Release|Any CPU = Release|Any CPU
	EndGlobalSection
	GlobalSection(SolutionProperties) = preSolution
		HideSolutionNode = FALSE
	EndGlobalSection
	GlobalSection(ProjectConfigurationPlatforms) = postSolution
		{780B4FE8-4C94-4733-8BE9-DA3A599E08F7}.Debug|Any CPU.ActiveCfg = Debug|Any CPU
		{780B4FE8-4C94-4733-8BE9-DA3A599E08F7}.Debug|Any CPU.Build.0 = Debug|Any CPU
		{780B4FE8-4C94-4733-8BE9-DA3A599E08F7}.Release|Any CPU.ActiveCfg = Release|Any CPU
		{780B4FE8-4C94-4733-8BE9-DA3A599E08F7}.Release|Any CPU.Build.0 = Release|Any CPU
		{8A976A52-0C4C-4375-9C12-22491895BEC7}.Debug|Any CPU.ActiveCfg = Debug|Any CPU
		{8A976A52-0C4C-4375-9C12-22491895BEC7}.Debug|Any CPU.Build.0 = Debug|Any CPU
		{8A976A52-0C4C-4375-9C12-22491895BEC7}.Release|Any CPU.ActiveCfg = Release|Any CPU
		{8A976A52-0C4C-4375-9C12-22491895BEC7}.Release|Any CPU.Build.0 = Release|Any CPU
		{5EAB8841-DCE2-4FBF-A932-158B2ABB7F52}.Debug|Any CPU.ActiveCfg = Debug|Any CPU
		{5EAB8841-DCE2-4FBF-A932-158B2ABB7F52}.Debug|Any CPU.Build.0 = Debug|Any CPU
		{5EAB8841-DCE2-4FBF-A932-158B2ABB7F52}.Release|Any CPU.ActiveCfg = Release|Any CPU
		{5EAB8841-DCE2-4FBF-A932-158B2ABB7F52}.Release|Any CPU.Build.0 = Release|Any CPU
	EndGlobalSection
EndGlobal
